
Microsoft Visual Studio Solution File, Format Version 12.00
# Visual Studio Version 17
VisualStudioVersion = 17.5.002.0
MinimumVisualStudioVersion = 10.0.40219.1
Project("{9A19103F-16F7-4668-BE54-9A1E7A4F7556}") = "Worker", "worker\Worker.csproj", "{4AB6C8C4-D84C-4093-B6A2-DD47B7F85040}"
EndProject
Global
	GlobalSection(SolutionConfigurationPlatforms) = preSolution
		Debug|Any CPU = Debug|Any CPU
		Release|Any CPU = Release|Any CPU
	EndGlobalSection
	GlobalSection(ProjectConfigurationPlatforms) = postSolution
		{4AB6C8C4-D84C-4093-B6A2-DD47B7F85040}.Debug|Any CPU.ActiveCfg = Debug|Any CPU
		{4AB6C8C4-D84C-4093-B6A2-DD47B7F85040}.Debug|Any CPU.Build.0 = Debug|Any CPU
		{4AB6C8C4-D84C-4093-B6A2-DD47B7F85040}.Release|Any CPU.ActiveCfg = Release|Any CPU
		{4AB6C8C4-D84C-4093-B6A2-DD47B7F85040}.Release|Any CPU.Build.0 = Release|Any CPU
	EndGlobalSection
	GlobalSection(SolutionProperties) = preSolution
		HideSolutionNode = FALSE
	EndGlobalSection
	GlobalSection(ExtensibilityGlobals) = postSolution
		SolutionGuid = {5C13B2E4-3ACB-4A49-8492-A3B7681BE6D1}
	EndGlobalSection
EndGlobal
